// !$*UTF8*$!
{
	archiveVersion = 1;
	classes = {
	};
	objectVersion = 46;
	objects = {

/* Begin PBXBuildFile section */
		B09608CC1B2895640057956C /* AppDelegate.swift in Sources */ = {isa = PBXBuildFile; fileRef = B09608CB1B2895640057956C /* AppDelegate.swift */; };
		B09608CE1B2895640057956C /* LibraryTableViewController.swift in Sources */ = {isa = PBXBuildFile; fileRef = B09608CD1B2895640057956C /* LibraryTableViewController.swift */; };
		B09608D11B2895640057956C /* Main.storyboard in Resources */ = {isa = PBXBuildFile; fileRef = B09608CF1B2895640057956C /* Main.storyboard */; };
		B09608D31B2895640057956C /* Images.xcassets in Resources */ = {isa = PBXBuildFile; fileRef = B09608D21B2895640057956C /* Images.xcassets */; };
		B09608D61B2895640057956C /* LaunchScreen.xib in Resources */ = {isa = PBXBuildFile; fileRef = B09608D41B2895640057956C /* LaunchScreen.xib */; };
		B09608E21B2895640057956C /* PublicLibraryTests.swift in Sources */ = {isa = PBXBuildFile; fileRef = B09608E11B2895640057956C /* PublicLibraryTests.swift */; };
		B0D40BCD1B2E2FA900A92F6F /* PublicLibrary.swift in Sources */ = {isa = PBXBuildFile; fileRef = B0D40BCC1B2E2FA900A92F6F /* PublicLibrary.swift */; };
		B0D40BD11B2F57B100A92F6F /* ShelfTableViewController.swift in Sources */ = {isa = PBXBuildFile; fileRef = B0D40BD01B2F57B100A92F6F /* ShelfTableViewController.swift */; };
		B0D40BD31B2F57FC00A92F6F /* BooksTableViewController.swift in Sources */ = {isa = PBXBuildFile; fileRef = B0D40BD21B2F57FC00A92F6F /* BooksTableViewController.swift */; };
		B0D449F41B328D0D00012608 /* AddModifyViewController.swift in Sources */ = {isa = PBXBuildFile; fileRef = B0D449F31B328D0D00012608 /* AddModifyViewController.swift */; };
/* End PBXBuildFile section */

/* Begin PBXContainerItemProxy section */
		B09608DC1B2895640057956C /* PBXContainerItemProxy */ = {
			isa = PBXContainerItemProxy;
			containerPortal = B09608BE1B2895640057956C /* Project object */;
			proxyType = 1;
			remoteGlobalIDString = B09608C51B2895640057956C;
			remoteInfo = PublicLibrary;
		};
/* End PBXContainerItemProxy section */

/* Begin PBXFileReference section */
		B09608C61B2895640057956C /* PublicLibrary.app */ = {isa = PBXFileReference; explicitFileType = wrapper.application; includeInIndex = 0; path = PublicLibrary.app; sourceTree = BUILT_PRODUCTS_DIR; };
		B09608CA1B2895640057956C /* Info.plist */ = {isa = PBXFileReference; lastKnownFileType = text.plist.xml; path = Info.plist; sourceTree = "<group>"; };
		B09608CB1B2895640057956C /* AppDelegate.swift */ = {isa = PBXFileReference; lastKnownFileType = sourcecode.swift; path = AppDelegate.swift; sourceTree = "<group>"; };
		B09608CD1B2895640057956C /* LibraryTableViewController.swift */ = {isa = PBXFileReference; lastKnownFileType = sourcecode.swift; path = LibraryTableViewController.swift; sourceTree = "<group>"; };
		B09608D01B2895640057956C /* Base */ = {isa = PBXFileReference; lastKnownFileType = file.storyboard; name = Base; path = Base.lproj/Main.storyboard; sourceTree = "<group>"; };
		B09608D21B2895640057956C /* Images.xcassets */ = {isa = PBXFileReference; lastKnownFileType = folder.assetcatalog; path = Images.xcassets; sourceTree = "<group>"; };
		B09608D51B2895640057956C /* Base */ = {isa = PBXFileReference; lastKnownFileType = file.xib; name = Base; path = Base.lproj/LaunchScreen.xib; sourceTree = "<group>"; };
		B09608DB1B2895640057956C /* PublicLibraryTests.xctest */ = {isa = PBXFileReference; explicitFileType = wrapper.cfbundle; includeInIndex = 0; path = PublicLibraryTests.xctest; sourceTree = BUILT_PRODUCTS_DIR; };
		B09608E01B2895640057956C /* Info.plist */ = {isa = PBXFileReference; lastKnownFileType = text.plist.xml; path = Info.plist; sourceTree = "<group>"; };
		B09608E11B2895640057956C /* PublicLibraryTests.swift */ = {isa = PBXFileReference; lastKnownFileType = sourcecode.swift; path = PublicLibraryTests.swift; sourceTree = "<group>"; };
		B0D40BCC1B2E2FA900A92F6F /* PublicLibrary.swift */ = {isa = PBXFileReference; fileEncoding = 4; lastKnownFileType = sourcecode.swift; path = PublicLibrary.swift; sourceTree = "<group>"; };
		B0D40BD01B2F57B100A92F6F /* ShelfTableViewController.swift */ = {isa = PBXFileReference; fileEncoding = 4; lastKnownFileType = sourcecode.swift; path = ShelfTableViewController.swift; sourceTree = "<group>"; };
		B0D40BD21B2F57FC00A92F6F /* BooksTableViewController.swift */ = {isa = PBXFileReference; fileEncoding = 4; lastKnownFileType = sourcecode.swift; path = BooksTableViewController.swift; sourceTree = "<group>"; };
		B0D449F31B328D0D00012608 /* AddModifyViewController.swift */ = {isa = PBXFileReference; fileEncoding = 4; lastKnownFileType = sourcecode.swift; path = AddModifyViewController.swift; sourceTree = "<group>"; };
/* End PBXFileReference section */

/* Begin PBXFrameworksBuildPhase section */
		B09608C31B2895640057956C /* Frameworks */ = {
			isa = PBXFrameworksBuildPhase;
			buildActionMask = 2147483647;
			files = (
			);
			runOnlyForDeploymentPostprocessing = 0;
		};
		B09608D81B2895640057956C /* Frameworks */ = {
			isa = PBXFrameworksBuildPhase;
			buildActionMask = 2147483647;
			files = (
			);
			runOnlyForDeploymentPostprocessing = 0;
		};
/* End PBXFrameworksBuildPhase section */

/* Begin PBXGroup section */
		B09608BD1B2895640057956C = {
			isa = PBXGroup;
			children = (
				B09608C81B2895640057956C /* PublicLibrary */,
				B09608DE1B2895640057956C /* PublicLibraryTests */,
				B09608C71B2895640057956C /* Products */,
			);
			sourceTree = "<group>";
		};
		B09608C71B2895640057956C /* Products */ = {
			isa = PBXGroup;
			children = (
				B09608C61B2895640057956C /* PublicLibrary.app */,
				B09608DB1B2895640057956C /* PublicLibraryTests.xctest */,
			);
			name = Products;
			sourceTree = "<group>";
		};
		B09608C81B2895640057956C /* PublicLibrary */ = {
			isa = PBXGroup;
			children = (
				B09608CB1B2895640057956C /* AppDelegate.swift */,
				B09608CD1B2895640057956C /* LibraryTableViewController.swift */,
				B09608CF1B2895640057956C /* Main.storyboard */,
				B0D449F31B328D0D00012608 /* AddModifyViewController.swift */,
				B0D40BD21B2F57FC00A92F6F /* BooksTableViewController.swift */,
				B0D40BD01B2F57B100A92F6F /* ShelfTableViewController.swift */,
				B09608D21B2895640057956C /* Images.xcassets */,
				B09608D41B2895640057956C /* LaunchScreen.xib */,
				B09608C91B2895640057956C /* Supporting Files */,
				B0D40BCC1B2E2FA900A92F6F /* PublicLibrary.swift */,
			);
			path = PublicLibrary;
			sourceTree = "<group>";
		};
		B09608C91B2895640057956C /* Supporting Files */ = {
			isa = PBXGroup;
			children = (
				B09608CA1B2895640057956C /* Info.plist */,
			);
			name = "Supporting Files";
			sourceTree = "<group>";
		};
		B09608DE1B2895640057956C /* PublicLibraryTests */ = {
			isa = PBXGroup;
			children = (
				B09608E11B2895640057956C /* PublicLibraryTests.swift */,
				B09608DF1B2895640057956C /* Supporting Files */,
			);
			path = PublicLibraryTests;
			sourceTree = "<group>";
		};
		B09608DF1B2895640057956C /* Supporting Files */ = {
			isa = PBXGroup;
			children = (
				B09608E01B2895640057956C /* Info.plist */,
			);
			name = "Supporting Files";
			sourceTree = "<group>";
		};
/* End PBXGroup section */

/* Begin PBXNativeTarget section */
		B09608C51B2895640057956C /* PublicLibrary */ = {
			isa = PBXNativeTarget;
			buildConfigurationList = B09608E51B2895640057956C /* Build configuration list for PBXNativeTarget "PublicLibrary" */;
			buildPhases = (
				B09608C21B2895640057956C /* Sources */,
				B09608C31B2895640057956C /* Frameworks */,
				B09608C41B2895640057956C /* Resources */,
			);
			buildRules = (
			);
			dependencies = (
			);
			name = PublicLibrary;
			productName = PublicLibrary;
			productReference = B09608C61B2895640057956C /* PublicLibrary.app */;
			productType = "com.apple.product-type.application";
		};
		B09608DA1B2895640057956C /* PublicLibraryTests */ = {
			isa = PBXNativeTarget;
			buildConfigurationList = B09608E81B2895640057956C /* Build configuration list for PBXNativeTarget "PublicLibraryTests" */;
			buildPhases = (
				B09608D71B2895640057956C /* Sources */,
				B09608D81B2895640057956C /* Frameworks */,
				B09608D91B2895640057956C /* Resources */,
			);
			buildRules = (
			);
			dependencies = (
				B09608DD1B2895640057956C /* PBXTargetDependency */,
			);
			name = PublicLibraryTests;
			productName = PublicLibraryTests;
			productReference = B09608DB1B2895640057956C /* PublicLibraryTests.xctest */;
			productType = "com.apple.product-type.bundle.unit-test";
		};
/* End PBXNativeTarget section */

/* Begin PBXProject section */
		B09608BE1B2895640057956C /* Project object */ = {
			isa = PBXProject;
			attributes = {
				LastUpgradeCheck = 0630;
				ORGANIZATIONNAME = "Joey Nessif";
				TargetAttributes = {
					B09608C51B2895640057956C = {
						CreatedOnToolsVersion = 6.3.2;
					};
					B09608DA1B2895640057956C = {
						CreatedOnToolsVersion = 6.3.2;
						TestTargetID = B09608C51B2895640057956C;
					};
				};
			};
			buildConfigurationList = B09608C11B2895640057956C /* Build configuration list for PBXProject "PublicLibrary" */;
			compatibilityVersion = "Xcode 3.2";
			developmentRegion = English;
			hasScannedForEncodings = 0;
			knownRegions = (
				en,
				Base,
			);
			mainGroup = B09608BD1B2895640057956C;
			productRefGroup = B09608C71B2895640057956C /* Products */;
			projectDirPath = "";
			projectRoot = "";
			targets = (
				B09608C51B2895640057956C /* PublicLibrary */,
				B09608DA1B2895640057956C /* PublicLibraryTests */,
			);
		};
/* End PBXProject section */

/* Begin PBXResourcesBuildPhase section */
		B09608C41B2895640057956C /* Resources */ = {
			isa = PBXResourcesBuildPhase;
			buildActionMask = 2147483647;
			files = (
				B09608D11B2895640057956C /* Main.storyboard in Resources */,
				B09608D61B2895640057956C /* LaunchScreen.xib in Resources */,
				B09608D31B2895640057956C /* Images.xcassets in Resources */,
			);
			runOnlyForDeploymentPostprocessing = 0;
		};
		B09608D91B2895640057956C /* Resources */ = {
			isa = PBXResourcesBuildPhase;
			buildActionMask = 2147483647;
			files = (
			);
			runOnlyForDeploymentPostprocessing = 0;
		};
/* End PBXResourcesBuildPhase section */

/* Begin PBXSourcesBuildPhase section */
		B09608C21B2895640057956C /* Sources */ = {
			isa = PBXSourcesBuildPhase;
			buildActionMask = 2147483647;
			files = (
				B0D449F41B328D0D00012608 /* AddModifyViewController.swift in Sources */,
				B09608CE1B2895640057956C /* LibraryTableViewController.swift in Sources */,
				B0D40BD31B2F57FC00A92F6F /* BooksTableViewController.swift in Sources */,
				B09608CC1B2895640057956C /* AppDelegate.swift in Sources */,
				B0D40BCD1B2E2FA900A92F6F /* PublicLibrary.swift in Sources */,
				B0D40BD11B2F57B100A92F6F /* ShelfTableViewController.swift in Sources */,
			);
			runOnlyForDeploymentPostprocessing = 0;
		};
		B09608D71B2895640057956C /* Sources */ = {
			isa = PBXSourcesBuildPhase;
			buildActionMask = 2147483647;
			files = (
				B09608E21B2895640057956C /* PublicLibraryTests.swift in Sources */,
			);
			runOnlyForDeploymentPostprocessing = 0;
		};
/* End PBXSourcesBuildPhase section */

/* Begin PBXTargetDependency section */
		B09608DD1B2895640057956C /* PBXTargetDependency */ = {
			isa = PBXTargetDependency;
			target = B09608C51B2895640057956C /* PublicLibrary */;
			targetProxy = B09608DC1B2895640057956C /* PBXContainerItemProxy */;
		};
/* End PBXTargetDependency section */

/* Begin PBXVariantGroup section */
		B09608CF1B2895640057956C /* Main.storyboard */ = {
			isa = PBXVariantGroup;
			children = (
				B09608D01B2895640057956C /* Base */,
			);
			name = Main.storyboard;
			sourceTree = "<group>";
		};
		B09608D41B2895640057956C /* LaunchScreen.xib */ = {
			isa = PBXVariantGroup;
			children = (
				B09608D51B2895640057956C /* Base */,
			);
			name = LaunchScreen.xib;
			sourceTree = "<group>";
		};
/* End PBXVariantGroup section */

/* Begin XCBuildConfiguration section */
		B09608E31B2895640057956C /* Debug */ = {
			isa = XCBuildConfiguration;
			buildSettings = {
				ALWAYS_SEARCH_USER_PATHS = NO;
				CLANG_CXX_LANGUAGE_STANDARD = "gnu++0x";
				CLANG_CXX_LIBRARY = "libc++";
				CLANG_ENABLE_MODULES = YES;
				CLANG_ENABLE_OBJC_ARC = YES;
				CLANG_WARN_BOOL_CONVERSION = YES;
				CLANG_WARN_CONSTANT_CONVERSION = YES;
				CLANG_WARN_DIRECT_OBJC_ISA_USAGE = YES_ERROR;
				CLANG_WARN_EMPTY_BODY = YES;
				CLANG_WARN_ENUM_CONVERSION = YES;
				CLANG_WARN_INT_CONVERSION = YES;
				CLANG_WARN_OBJC_ROOT_CLASS = YES_ERROR;
				CLANG_WARN_UNREACHABLE_CODE = YES;
				CLANG_WARN__DUPLICATE_METHOD_MATCH = YES;
				"CODE_SIGN_IDENTITY[sdk=iphoneos*]" = "iPhone Developer";
				COPY_PHASE_STRIP = NO;
				DEBUG_INFORMATION_FORMAT = "dwarf-with-dsym";
				ENABLE_STRICT_OBJC_MSGSEND = YES;
				GCC_C_LANGUAGE_STANDARD = gnu99;
				GCC_DYNAMIC_NO_PIC = NO;
				GCC_NO_COMMON_BLOCKS = YES;
				GCC_OPTIMIZATION_LEVEL = 0;
				GCC_PREPROCESSOR_DEFINITIONS = (
					"DEBUG=1",
					"$(inherited)",
				);
				GCC_SYMBOLS_PRIVATE_EXTERN = NO;
				GCC_WARN_64_TO_32_BIT_CONVERSION = YES;
				GCC_WARN_ABOUT_RETURN_TYPE = YES_ERROR;
				GCC_WARN_UNDECLARED_SELECTOR = YES;
				GCC_WARN_UNINITIALIZED_AUTOS = YES_AGGRESSIVE;
				GCC_WARN_UNUSED_FUNCTION = YES;
				GCC_WARN_UNUSED_VARIABLE = YES;
				IPHONEOS_DEPLOYMENT_TARGET = 8.3;
				MTL_ENABLE_DEBUG_INFO = YES;
				ONLY_ACTIVE_ARCH = YES;
				SDKROOT = iphoneos;
				SWIFT_OPTIMIZATION_LEVEL = "-Onone";
			};
			name = Debug;
		};
		B09608E41B2895640057956C /* Release */ = {
			isa = XCBuildConfiguration;
			buildSettings = {
				ALWAYS_SEARCH_USER_PATHS = NO;
				CLANG_CXX_LANGUAGE_STANDARD = "gnu++0x";
				CLANG_CXX_LIBRARY = "libc++";
				CLANG_ENABLE_MODULES = YES;
				CLANG_ENABLE_OBJC_ARC = YES;
				CLANG_WARN_BOOL_CONVERSION = YES;
				CLANG_WARN_CONSTANT_CONVERSION = YES;
				CLANG_WARN_DIRECT_OBJC_ISA_USAGE = YES_ERROR;
				CLANG_WARN_EMPTY_BODY = YES;
				CLANG_WARN_ENUM_CONVERSION = YES;
				CLANG_WARN_INT_CONVERSION = YES;
				CLANG_WARN_OBJC_ROOT_CLASS = YES_ERROR;
				CLANG_WARN_UNREACHABLE_CODE = YES;
				CLANG_WARN__DUPLICATE_METHOD_MATCH = YES;
				"CODE_SIGN_IDENTITY[sdk=iphoneos*]" = "iPhone Developer";
				COPY_PHASE_STRIP = NO;
				DEBUG_INFORMATION_FORMAT = "dwarf-with-dsym";
				ENABLE_NS_ASSERTIONS = NO;
				ENABLE_STRICT_OBJC_MSGSEND = YES;
				GCC_C_LANGUAGE_STANDARD = gnu99;
				GCC_NO_COMMON_BLOCKS = YES;
				GCC_WARN_64_TO_32_BIT_CONVERSION = YES;
				GCC_WARN_ABOUT_RETURN_TYPE = YES_ERROR;
				GCC_WARN_UNDECLARED_SELECTOR = YES;
				GCC_WARN_UNINITIALIZED_AUTOS = YES_AGGRESSIVE;
				GCC_WARN_UNUSED_FUNCTION = YES;
				GCC_WARN_UNUSED_VARIABLE = YES;
				IPHONEOS_DEPLOYMENT_TARGET = 8.3;
				MTL_ENABLE_DEBUG_INFO = NO;
				SDKROOT = iphoneos;
				VALIDATE_PRODUCT = YES;
			};
			name = Release;
		};
		B09608E61B2895640057956C /* Debug */ = {
			isa = XCBuildConfiguration;
			buildSettings = {
				ASSETCATALOG_COMPILER_APPICON_NAME = AppIcon;
				INFOPLIST_FILE = PublicLibrary/Info.plist;
				LD_RUNPATH_SEARCH_PATHS = "$(inherited) @executable_path/Frameworks";
				PRODUCT_NAME = "$(TARGET_NAME)";
			};
			name = Debug;
		};
		B09608E71B2895640057956C /* Release */ = {
			isa = XCBuildConfiguration;
			buildSettings = {
				ASSETCATALOG_COMPILER_APPICON_NAME = AppIcon;
				INFOPLIST_FILE = PublicLibrary/Info.plist;
				LD_RUNPATH_SEARCH_PATHS = "$(inherited) @executable_path/Frameworks";
				PRODUCT_NAME = "$(TARGET_NAME)";
			};
			name = Release;
		};
		B09608E91B2895640057956C /* Debug */ = {
			isa = XCBuildConfiguration;
			buildSettings = {
				BUNDLE_LOADER = "$(TEST_HOST)";
				FRAMEWORK_SEARCH_PATHS = (
					"$(SDKROOT)/Developer/Library/Frameworks",
					"$(inherited)",
				);
				GCC_PREPROCESSOR_DEFINITIONS = (
					"DEBUG=1",
					"$(inherited)",
				);
				INFOPLIST_FILE = PublicLibraryTests/Info.plist;
				LD_RUNPATH_SEARCH_PATHS = "$(inherited) @executable_path/Frameworks @loader_path/Frameworks";
				PRODUCT_NAME = "$(TARGET_NAME)";
				TEST_HOST = "$(BUILT_PRODUCTS_DIR)/PublicLibrary.app/PublicLibrary";
			};
			name = Debug;
		};
		B09608EA1B2895640057956C /* Release */ = {
			isa = XCBuildConfiguration;
			buildSettings = {
				BUNDLE_LOADER = "$(TEST_HOST)";
				FRAMEWORK_SEARCH_PATHS = (
					"$(SDKROOT)/Developer/Library/Frameworks",
					"$(inherited)",
				);
				INFOPLIST_FILE = PublicLibraryTests/Info.plist;
				LD_RUNPATH_SEARCH_PATHS = "$(inherited) @executable_path/Frameworks @loader_path/Frameworks";
				PRODUCT_NAME = "$(TARGET_NAME)";
				TEST_HOST = "$(BUILT_PRODUCTS_DIR)/PublicLibrary.app/PublicLibrary";
			};
			name = Release;
		};
/* End XCBuildConfiguration section */

/* Begin XCConfigurationList section */
		B09608C11B2895640057956C /* Build configuration list for PBXProject "PublicLibrary" */ = {
			isa = XCConfigurationList;
			buildConfigurations = (
				B09608E31B2895640057956C /* Debug */,
				B09608E41B2895640057956C /* Release */,
			);
			defaultConfigurationIsVisible = 0;
			defaultConfigurationName = Release;
		};
		B09608E51B2895640057956C /* Build configuration list for PBXNativeTarget "PublicLibrary" */ = {
			isa = XCConfigurationList;
			buildConfigurations = (
				B09608E61B2895640057956C /* Debug */,
				B09608E71B2895640057956C /* Release */,
			);
			defaultConfigurationIsVisible = 0;
			defaultConfigurationName = Release;
		};
		B09608E81B2895640057956C /* Build configuration list for PBXNativeTarget "PublicLibraryTests" */ = {
			isa = XCConfigurationList;
			buildConfigurations = (
				B09608E91B2895640057956C /* Debug */,
				B09608EA1B2895640057956C /* Release */,
			);
			defaultConfigurationIsVisible = 0;
			defaultConfigurationName = Release;
		};
/* End XCConfigurationList section */
	};
	rootObject = B09608BE1B2895640057956C /* Project object */;
}
